
Microsoft Visual Studio Solution File, Format Version 12.00
# Visual Studio Version 17
VisualStudioVersion = 17.1.32228.430
MinimumVisualStudioVersion = 10.0.40219.1
Project("{FAE04EC0-301F-11D3-BF4B-00C04F79EFBC}") = "Galiev_Autoservice", "Galiev_Autoservice.csproj", "{5E686969-8815-450D-9ACF-676FB9C12F29}"
EndProject
Global
	GlobalSection(SolutionConfigurationPlatforms) = preSolution
		Debug|Any CPU = Debug|Any CPU
		Release|Any CPU = Release|Any CPU
	EndGlobalSection
	GlobalSection(ProjectConfigurationPlatforms) = postSolution
		{5E686969-8815-450D-9ACF-676FB9C12F29}.Debug|Any CPU.ActiveCfg = Debug|Any CPU
		{5E686969-8815-450D-9ACF-676FB9C12F29}.Debug|Any CPU.Build.0 = Debug|Any CPU
		{5E686969-8815-450D-9ACF-676FB9C12F29}.Release|Any CPU.ActiveCfg = Release|Any CPU
		{5E686969-8815-450D-9ACF-676FB9C12F29}.Release|Any CPU.Build.0 = Release|Any CPU
	EndGlobalSection
	GlobalSection(SolutionProperties) = preSolution
		HideSolutionNode = FALSE
	EndGlobalSection
	GlobalSection(ExtensibilityGlobals) = postSolution
		SolutionGuid = {4BBC5819-E7F0-41E3-A08D-EDA7C7377645}
	EndGlobalSection
EndGlobal
